
Microsoft Visual Studio Solution File, Format Version 12.00
Project("{FAE04EC0-301F-11D3-BF4B-00C04F79EFBC}") = "TripService", "TripService\TripService.csproj", "{9B5736EA-5189-4690-83A6-EC1E4499AFE7}"
EndProject
Project("{FAE04EC0-301F-11D3-BF4B-00C04F79EFBC}") = "HotelsService", "HotelsService\HotelsService.csproj", "{2199890F-287C-4CB9-B98E-1690476E6EA7}"
EndProject
Project("{FAE04EC0-301F-11D3-BF4B-00C04F79EFBC}") = "ApiGateway", "ApiGateway\ApiGateway.csproj", "{87055B81-F2C6-41A3-A033-2FDA7B3510EA}"
EndProject
Project("{FAE04EC0-301F-11D3-BF4B-00C04F79EFBC}") = "CommonComponents", "CommonComponents\CommonComponents.csproj", "{C92E14AF-26B6-4AA7-B383-49597AD5D4FF}"
EndProject
Global
	GlobalSection(SolutionConfigurationPlatforms) = preSolution
		Debug|Any CPU = Debug|Any CPU
		Release|Any CPU = Release|Any CPU
	EndGlobalSection
	GlobalSection(ProjectConfigurationPlatforms) = postSolution
		{9B5736EA-5189-4690-83A6-EC1E4499AFE7}.Debug|Any CPU.ActiveCfg = Debug|Any CPU
		{9B5736EA-5189-4690-83A6-EC1E4499AFE7}.Debug|Any CPU.Build.0 = Debug|Any CPU
		{9B5736EA-5189-4690-83A6-EC1E4499AFE7}.Release|Any CPU.ActiveCfg = Release|Any CPU
		{9B5736EA-5189-4690-83A6-EC1E4499AFE7}.Release|Any CPU.Build.0 = Release|Any CPU
		{2199890F-287C-4CB9-B98E-1690476E6EA7}.Debug|Any CPU.ActiveCfg = Debug|Any CPU
		{2199890F-287C-4CB9-B98E-1690476E6EA7}.Debug|Any CPU.Build.0 = Debug|Any CPU
		{2199890F-287C-4CB9-B98E-1690476E6EA7}.Release|Any CPU.ActiveCfg = Release|Any CPU
		{2199890F-287C-4CB9-B98E-1690476E6EA7}.Release|Any CPU.Build.0 = Release|Any CPU
		{87055B81-F2C6-41A3-A033-2FDA7B3510EA}.Debug|Any CPU.ActiveCfg = Debug|Any CPU
		{87055B81-F2C6-41A3-A033-2FDA7B3510EA}.Debug|Any CPU.Build.0 = Debug|Any CPU
		{87055B81-F2C6-41A3-A033-2FDA7B3510EA}.Release|Any CPU.ActiveCfg = Release|Any CPU
		{87055B81-F2C6-41A3-A033-2FDA7B3510EA}.Release|Any CPU.Build.0 = Release|Any CPU
		{C92E14AF-26B6-4AA7-B383-49597AD5D4FF}.Debug|Any CPU.ActiveCfg = Debug|Any CPU
		{C92E14AF-26B6-4AA7-B383-49597AD5D4FF}.Debug|Any CPU.Build.0 = Debug|Any CPU
		{C92E14AF-26B6-4AA7-B383-49597AD5D4FF}.Release|Any CPU.ActiveCfg = Release|Any CPU
		{C92E14AF-26B6-4AA7-B383-49597AD5D4FF}.Release|Any CPU.Build.0 = Release|Any CPU
	EndGlobalSection
EndGlobal
